# This file is autogenerated, do not edit; changes may be undone by the next 'dep ensure'.


[[projects]]
  branch = "master"
  digest = "1:c8b4c79f541b273927f1ab38c83672678c391022bc075083906e7cb2720b83c5"
  name = "github.com/alecthomas/jsonschema"
  packages = ["."]
  pruneopts = "NUT"
  revision = "d65fe469b0489087e7f77154846f6fe5e31a0d0b"

[[projects]]
  digest = "1:ad0f5ba81b403492a3b9ef0b0702540a1032584757efb5c1fa18de46f5dd96e8"
  name = "github.com/aws/aws-sdk-go"
  packages = [
    "aws",
    "aws/arn",
    "aws/awserr",
    "aws/awsutil",
    "aws/client",
    "aws/client/metadata",
    "aws/corehandlers",
    "aws/credentials",
    "aws/credentials/ec2rolecreds",
    "aws/credentials/endpointcreds",
    "aws/credentials/processcreds",
    "aws/credentials/stscreds",
    "aws/csm",
    "aws/defaults",
    "aws/ec2metadata",
    "aws/endpoints",
    "aws/request",
    "aws/session",
    "aws/signer/v4",
    "internal/context",
    "internal/ini",
    "internal/s3err",
    "internal/sdkio",
    "internal/sdkmath",
    "internal/sdkrand",
    "internal/sdkuri",
    "internal/shareddefaults",
    "internal/strings",
    "internal/sync/singleflight",
    "private/protocol",
    "private/protocol/eventstream",
    "private/protocol/eventstream/eventstreamapi",
    "private/protocol/json/jsonutil",
    "private/protocol/query",
    "private/protocol/query/queryutil",
    "private/protocol/rest",
    "private/protocol/restxml",
    "private/protocol/xml/xmlutil",
    "service/s3",
    "service/s3/internal/arn",
    "service/s3/s3iface",
    "service/s3/s3manager",
    "service/sts",
    "service/sts/stsiface",
  ]
  pruneopts = "NUT"
  revision = "45f40fbbeba8a5dee288025ce32ee24bc643ba0a"
  version = "v1.29.3"

[[projects]]
  branch = "master"
  digest = "1:bfd6b98cf43a82b899b91c6bfb0c858a2ca88abce2dc0c6519180e8f8546a369"
  name = "github.com/bmizerany/pat"
  packages = ["."]
  pruneopts = "NUT"
  revision = "6226ea591a40176dd3ff9cd8eff81ed6ca721a00"

[[projects]]
  digest = "1:b7ffca49e9cfd3dfb04a8e0a59347708c6f78f68476a32c5e0a0edca5d1b258c"
  name = "github.com/dustin/go-humanize"
  packages = ["."]
  pruneopts = "NUT"
  revision = "9f541cc9db5d55bce703bd99987c9d5cb8eea45e"
  version = "v1.0.0"

[[projects]]
  digest = "1:577ad137539c0c4e556fd19ff155f5b3f70ccda84f5eca436c3131e85082d4f8"
  name = "github.com/godbus/dbus"
  packages = [
    ".",
    "introspect",
  ]
  pruneopts = "NUT"
  revision = "735b987ea3fc98b200348de1656e97f656ed4873"
  version = "v5.0.2"

[[projects]]
  digest = "1:2dcc32af5bf38c37286c96f0077efa98007f67946b690fce98a3e07b9659bdf1"
  name = "github.com/gofrs/flock"
  packages = ["."]
  pruneopts = "NUT"
  revision = "392e7fae8f1b0bdbd67dad7237d23f618feb6dbb"
  version = "v0.7.1"

[[projects]]
  digest = "1:88e3bddacf9c49b5521e467d8af25c16685cfdf6e14acbcf81c36ab6f2577d01"
  name = "github.com/golang/protobuf"
  packages = [
    "proto",
    "ptypes",
    "ptypes/any",
    "ptypes/duration",
    "ptypes/empty",
    "ptypes/timestamp",
  ]
  pruneopts = "NUT"
  revision = "d23c5127dc24889085f8ccea5c9d560a57a879d8"
  version = "v1.3.3"

[[projects]]
  branch = "master"
  digest = "1:dd18ae550fff07a9bd8e4fef527ccd9e2cea01106344693c586388f6f16f7d96"
  name = "github.com/google/goexpect"
  packages = ["."]
  pruneopts = "NUT"
  revision = "5b6988669ffabaa2cf500d79322a7f938478569f"

[[projects]]
  branch = "master"
  digest = "1:5b66c432b11dc4996e583c298c03a3120c9f2e1c68d05b72adceff13595892c3"
  name = "github.com/google/goterm"
  packages = ["term"]
  pruneopts = "NUT"
  revision = "fc88cf888a3fa99ecc23d1efc1a44284268457d3"

[[projects]]
  branch = "master"
  digest = "1:c54b2df9eb45e238bca9d7f0e1a4acc90a2e6284e8d31c0df3ec72886ec53406"
  name = "github.com/google/shlex"
  packages = ["."]
  pruneopts = "NUT"
  revision = "e7afc7fbc51079733e9468cdfd1efcd7d196cd1d"

[[projects]]
  digest = "1:ab3ec1fe3e39bac4b3ab63390767766622be35b7cab03f47f787f9ec60522a53"
  name = "github.com/google/uuid"
  packages = ["."]
  pruneopts = "NUT"
  revision = "0cd6bf5da1e1c83f8b45653022c74f71af0538a4"
  version = "v1.1.1"

[[projects]]
  branch = "master"
  digest = "1:bcfbbca3e8f076027ea25d08da838dc868b0b93497c3c5a4f96d107c9f62557e"
  name = "github.com/iancoleman/orderedmap"
  packages = ["."]
  pruneopts = "NUT"
  revision = "ac98e3ecb4b017efb5c5d0fc075c2ded1f5d500d"

[[projects]]
  branch = "master"
  digest = "1:312b66e73aa2bb084b7b7d6489fa386dd56b27d848ccb1288b7a0c5a3c9defdb"
  name = "github.com/jkeiser/iter"
  packages = ["."]
  pruneopts = "NUT"
  revision = "67b94d6149c6b2efe0fde15d36a50a7692c2da17"

[[projects]]
  digest = "1:1f2aebae7e7c856562355ec0198d8ca2fa222fb05e5b1b66632a1fce39631885"
  name = "github.com/jmespath/go-jmespath"
  packages = ["."]
  pruneopts = "NUT"
  revision = "c2b33e84"

[[projects]]
  digest = "1:0c222e73227ec6777ee971f9169ab7aecaafeba981a403b62e84e8bab76aa32a"
  name = "github.com/jochenvg/go-udev"
  packages = ["."]
  pruneopts = "NUT"
  revision = "b7a82d7b755ee9b24b4a4cfd2c0626200903810a"

[[projects]]
  digest = "1:e6226faa239121577874fe51cdab93953c5574f10339c2e9412eb6cd90ace4bb"
  name = "github.com/mdp/qrterminal"
  packages = ["."]
  pruneopts = "NUT"
  revision = "11fc7373051f5e96eac3079061343e2899fdd9c6"
  version = "v3.0.0"

[[projects]]
  branch = "master"
  digest = "1:ed9167cebacf7920f892233309c0a6a055e6e85ebd216a02bbc3943928308e42"
  name = "github.com/mitranim/repr"
  packages = ["."]
  pruneopts = "NUT"
  revision = "d8a052d012f85ed43bc99f6f2654e19d2bdcd456"

[[projects]]
  digest = "1:ed5cdbf41229bda9908876a5d9dc839e13f8b86474eb04f211930921ce529902"
  name = "github.com/neko-neko/utmpdump"
  packages = ["utmp"]
  pruneopts = "NUT"
  revision = "b5afe0a84a0940a6583733392b0e09b487443cff"
  version = "v2.0.0"

[[projects]]
  digest = "1:4047c378584616813d610c9f993bf90dd0d07aed8d94bd3bc299cd35ececdcba"
  name = "github.com/pkg/errors"
  packages = ["."]
  pruneopts = "NUT"
  revision = "614d223910a179a466c1767a985424175c39b465"
  version = "v0.9.1"

[[projects]]
  digest = "1:f4f5b8b048de789f738af3451bd214da396a9a765d8dd49c67458ef8c170a112"
  name = "github.com/plar/go-adaptive-radix-tree"
  packages = ["."]
  pruneopts = "NUT"
  revision = "808fdce565698379f1aacbe23fcd8c233852dc72"
  version = "v1.0.1"

[[projects]]
  digest = "1:2350b47a156dd9bbb70398580149cc297636c22ce5d27a33e27c3e48a2638453"
  name = "github.com/prologic/bitcask"
  packages = [
    ".",
    "internal",
    "internal/config",
    "internal/data",
    "internal/data/codec",
    "internal/index",
  ]
  pruneopts = "NUT"
  revision = "803b08949ec76de545fe9026cc55ac6f8187f389"
  version = "v0.3.5"

[[projects]]
  digest = "1:b0e0e2abf5c70fd0f7f6c053c6c99c6960149146e40d5c7547cacc176e5d9973"
  name = "github.com/rjeczalik/notify"
  packages = ["."]
  pruneopts = "NUT"
  revision = "69d839f37b13a8cb7a78366f7633a4071cb43be7"
  version = "v0.9.2"

[[projects]]
  digest = "1:b078ecd4c2b0d1dfcff7066dc5b3d5d4c28b34b8b0a9bea34c4be273cb60d1d7"
  name = "github.com/santhosh-tekuri/jsonschema"
  packages = ["."]
  pruneopts = "NUT"
  revision = "137f44a49015e5060a447c331aa37de6e0f50267"
  version = "v2.2.0"

[[projects]]
  digest = "1:2f31ab8c0f8b4fad1cd69cf250605009461bd31092a2daf80988fa1fbd7abfd8"
  name = "github.com/soheilhy/cmux"
  packages = ["."]
  pruneopts = "NUT"
  revision = "e09e9389d85d8492d313d73d1469c029e710623f"
  version = "v0.1.4"

[[projects]]
  digest = "1:fa65b568d3cbcf6ee58c35f91724cdec6e73a783bb750871542079a1bc1760a7"
  name = "github.com/u-root/u-root"
  packages = [
    "pkg/bb",
    "pkg/cp",
    "pkg/cpio",
    "pkg/golang",
    "pkg/ldd",
    "pkg/lockfile",
    "pkg/ls",
    "pkg/mount",
    "pkg/qemu",
    "pkg/ubinary",
    "pkg/uio",
    "pkg/uroot",
    "pkg/uroot/builder",
    "pkg/uroot/initramfs",
    "pkg/uroot/logger",
    "pkg/vmtest",
    "pkg/vmtest/internal/json2test",
  ]
  pruneopts = "NUT"
  revision = "26a90287872f42e357dc889f6918855fc0fde4dc"
  version = "v6.0.0"

[[projects]]
  digest = "1:5f252b001e9573efb54ffae53b96bb5bfa4963afec4f35d607121ebb4a4dff81"
  name = "github.com/ulikunitz/xz"
  packages = [
    ".",
    "internal/hash",
    "internal/xlog",
    "lzma",
  ]
  pruneopts = "NUT"
  revision = "6f934d456d51e742b4eeab20d925a827ef22320a"
  version = "v0.5.6"

[[projects]]
  digest = "1:183fdb1c17ac728274c6a291e1d27bc54c8250d070536d130377cafc66e2638d"
  name = "github.com/vishvananda/netlink"
  packages = [
    ".",
    "nl",
  ]
  pruneopts = "NUT"
  revision = "f049be6f391489d3f374498fe0c8df8449258372"
  version = "v1.1.0"

[[projects]]
  branch = "master"
  digest = "1:ad33f5e23a9fbcdbdf7f8412a035d1f70274691345890289dd390359e574c017"
  name = "github.com/vishvananda/netns"
  packages = ["."]
  pruneopts = "NUT"
  revision = "0a2b9b5464df8343199164a0321edf3313202f7e"

[[projects]]
  branch = "master"
  digest = "1:0feff127097de25bc72c526fc74a8273d96da1c26cb87d5794ad2c9849b91900"
  name = "golang.org/x/crypto"
  packages = [
    "blowfish",
    "chacha20",
    "curve25519",
    "ed25519",
    "ed25519/internal/edwards25519",
    "internal/subtle",
    "pbkdf2",
    "poly1305",
    "sha3",
    "ssh",
    "ssh/internal/bcrypt_pbkdf",
  ]
  pruneopts = "NUT"
  revision = "1d94cc7ab1c630336ab82ccb9c9cda72a875c382"

[[projects]]
  branch = "master"
  digest = "1:feece64517a25b2ffe2a82f2df04255b9914ce3fbfd5263fce681479510990c1"
  name = "golang.org/x/exp"
  packages = ["mmap"]
  pruneopts = "NUT"
  revision = "fcea875c7e8555ad2a19200050d559f50f22ad27"

[[projects]]
  digest = "1:467bb8fb8fa786448b8d486cd0bb7c1a5577dcd7310441aa02a20110cd9f727d"
  name = "golang.org/x/mod"
  packages = [
    "module",
    "semver",
  ]
  pruneopts = "NUT"
  revision = "ed3ec21bb8e252814c380df79a80f366440ddb2d"
  version = "v0.2.0"

[[projects]]
  branch = "master"
  digest = "1:c3480c91cbcd593cc4c7e2656ad0d394c03744f987fd1b5b5e39460dbf7a3979"
  name = "golang.org/x/net"
  packages = [
    "http/httpguts",
    "http2",
    "http2/hpack",
    "idna",
    "internal/timeseries",
    "trace",
  ]
  pruneopts = "NUT"
  revision = "16171245cfb220d5317888b716d69c1fb4e7992b"

[[projects]]
  branch = "master"
  digest = "1:b521f10a2d8fa85c04a8ef4e62f2d1e14d303599a55d64dabf9f5a02f84d35eb"
  name = "golang.org/x/sync"
  packages = ["errgroup"]
  pruneopts = "NUT"
  revision = "cd5d95a43a6e21273425c7ae415d3df9ea832eeb"

[[projects]]
  branch = "master"
  digest = "1:a5b7dda1a6b9409ca8f4bffb182dc723999f50514001bfb3d06a3468efe48712"
  name = "golang.org/x/sys"
  packages = [
    "cpu",
    "unix",
    "windows",
    "windows/registry",
  ]
  pruneopts = "NUT"
  revision = "12a6c2dcc1e4cb348b57847c73987099e261714b"

[[projects]]
  digest = "1:8d8faad6b12a3a4c819a3f9618cb6ee1fa1cfc33253abeeea8b55336721e3405"
  name = "golang.org/x/text"
  packages = [
    "collate",
    "collate/build",
    "internal/colltab",
    "internal/gen",
    "internal/language",
    "internal/language/compact",
    "internal/tag",
    "internal/triegen",
    "internal/ucd",
    "language",
    "secure/bidirule",
    "transform",
    "unicode/bidi",
    "unicode/cldr",
    "unicode/norm",
    "unicode/rangetable",
  ]
  pruneopts = "NUT"
  revision = "342b2e1fbaa52c93f31447ad2c6abc048c63e475"
  version = "v0.3.2"

[[projects]]
  branch = "master"
  digest = "1:d85ff5b2e5b485021f821f10030cdf46f723c3c84c9482835a4c9c462a7edfba"
  name = "golang.org/x/tools"
  packages = [
    "go/ast/astutil",
    "imports",
    "internal/fastwalk",
    "internal/gopathwalk",
    "internal/imports",
  ]
  pruneopts = "NUT"
  revision = "5916a50871fbb77650a14d484c89ca39f9487118"

[[projects]]
  branch = "master"
  digest = "1:325a1b73817aa79fc85f10376ed41ea607f7dd7f6c6bfa46df6a28ef2857941f"
  name = "golang.org/x/xerrors"
  packages = [
    ".",
    "internal",
  ]
  pruneopts = "NUT"
  revision = "9bdfabe68543c54f90421aeb9a60ef8061b5b544"

[[projects]]
  branch = "master"
  digest = "1:0c679e19d1865dd65e7ec400bf9562d8f161cf59c4f74c0bb50f365fc9fb19eb"
  name = "google.golang.org/genproto"
  packages = ["googleapis/rpc/status"]
  pruneopts = "NUT"
  revision = "66ed5ce911ce4978d229e861f15b63d8bf359acb"

[[projects]]
  digest = "1:ad113f760f5a2a924fd1ea324539df77f3e0166bbaf7f886985fbb447737323b"
  name = "google.golang.org/grpc"
  packages = [
    ".",
    "attributes",
    "backoff",
    "balancer",
    "balancer/base",
    "balancer/roundrobin",
    "binarylog/grpc_binarylog_v1",
    "codes",
    "connectivity",
    "credentials",
    "credentials/internal",
    "encoding",
    "encoding/proto",
    "grpclog",
    "internal",
    "internal/backoff",
    "internal/balancerload",
    "internal/binarylog",
    "internal/buffer",
    "internal/channelz",
    "internal/envconfig",
    "internal/grpcrand",
    "internal/grpcsync",
    "internal/resolver/dns",
    "internal/resolver/passthrough",
    "internal/syscall",
    "internal/transport",
    "keepalive",
    "metadata",
    "naming",
    "peer",
    "resolver",
    "serviceconfig",
    "stats",
    "status",
    "tap",
  ]
  pruneopts = "NUT"
  revision = "f495f5b15ae7ccda3b38c53a1bfcde4c1a58a2bc"
  version = "v1.27.1"

[[projects]]
  digest = "1:7623f89b7faa16aaffabe3a6236f7bec325ab9f7aa3d6bb9c25c0e1299be89da"
  name = "rsc.io/qr"
  packages = [
    ".",
    "coding",
    "gf256",
  ]
  pruneopts = "NUT"
  revision = "ca9a01fc2f9505024045632c50e5e8cd6142fafe"
  version = "v0.2.0"

[solve-meta]
  analyzer-name = "dep"
  analyzer-version = 1
  input-imports = [
    "github.com/alecthomas/jsonschema",
    "github.com/aws/aws-sdk-go/aws",
    "github.com/aws/aws-sdk-go/aws/session",
    "github.com/aws/aws-sdk-go/service/s3/s3manager",
    "github.com/bmizerany/pat",
    "github.com/godbus/dbus",
    "github.com/godbus/dbus/introspect",
    "github.com/golang/protobuf/proto",
    "github.com/golang/protobuf/ptypes/empty",
    "github.com/google/shlex",
    "github.com/google/uuid",
    "github.com/jochenvg/go-udev",
    "github.com/mdp/qrterminal",
    "github.com/mitranim/repr",
    "github.com/neko-neko/utmpdump/utmp",
    "github.com/prologic/bitcask",
    "github.com/rjeczalik/notify",
    "github.com/santhosh-tekuri/jsonschema",
    "github.com/soheilhy/cmux",
    "github.com/u-root/u-root/pkg/cpio",
    "github.com/u-root/u-root/pkg/golang",
    "github.com/u-root/u-root/pkg/mount",
    "github.com/u-root/u-root/pkg/qemu",
    "github.com/u-root/u-root/pkg/uroot",
    "github.com/u-root/u-root/pkg/uroot/builder",
    "github.com/u-root/u-root/pkg/uroot/initramfs",
    "github.com/u-root/u-root/pkg/vmtest",
    "github.com/ulikunitz/xz",
    "github.com/vishvananda/netlink",
    "golang.org/x/crypto/pbkdf2",
    "golang.org/x/crypto/sha3",
    "golang.org/x/sync/errgroup",
    "golang.org/x/sys/unix",
    "golang.org/x/sys/windows",
    "golang.org/x/sys/windows/registry",
    "google.golang.org/grpc",
    "rsc.io/qr",
  ]
  solver-name = "gps-cdcl"
  solver-version = 1
